
Microsoft Visual Studio Solution File, Format Version 12.00
# Visual Studio Version 17
VisualStudioVersion = 17.1.32210.238
MinimumVisualStudioVersion = 10.0.40219.1
Project("{2150E333-8FDC-42A3-9474-1A3956D46DE8}") = "01. Clients", "01. Clients", "{306F420D-0F98-4CE3-9808-D8DB7A1642F7}"
EndProject
Project("{2150E333-8FDC-42A3-9474-1A3956D46DE8}") = "02. Gateways", "02. Gateways", "{03C9B5BF-1701-4296-9062-C2E677A08256}"
EndProject
Project("{2150E333-8FDC-42A3-9474-1A3956D46DE8}") = "03. Services", "03. Services", "{417433FA-934D-4798-93D0-838A2D41D7B7}"
EndProject
Project("{2150E333-8FDC-42A3-9474-1A3956D46DE8}") = "01. Identity", "01. Identity", "{620E8912-A463-49C2-BBFD-2E8465779AA2}"
EndProject
Project("{2150E333-8FDC-42A3-9474-1A3956D46DE8}") = "02. Catalog", "02. Catalog", "{1192FD84-4553-4DC8-98D7-F38F6A48988A}"
EndProject
Project("{2150E333-8FDC-42A3-9474-1A3956D46DE8}") = "03. Customer", "03. Customer", "{9D0487D3-49C4-42BD-B194-078635D21016}"
EndProject
Project("{2150E333-8FDC-42A3-9474-1A3956D46DE8}") = "04. Order", "04. Order", "{ECB9E75B-7BCC-4C22-923D-A15B1C83577D}"
EndProject
Project("{9A19103F-16F7-4668-BE54-9A1E7A4F7556}") = "Catalog.API", "src\Services\Catalog\Catalog.API\Catalog.API.csproj", "{E9BF9FE2-3ECA-451C-A94D-06C73C28901C}"
EndProject
Project("{2150E333-8FDC-42A3-9474-1A3956D46DE8}") = "01. API", "01. API", "{C8F90A0D-EED7-492A-9C8E-3FC7F67EB557}"
EndProject
Project("{2150E333-8FDC-42A3-9474-1A3956D46DE8}") = "02. Services", "02. Services", "{F7D6FE9C-B424-4155-ACDD-A190D149BEE0}"
EndProject
Project("{2150E333-8FDC-42A3-9474-1A3956D46DE8}") = "03. Persistence", "03. Persistence", "{EC821CD2-A655-4514-83B6-E883F3239C10}"
EndProject
Project("{2150E333-8FDC-42A3-9474-1A3956D46DE8}") = "04. Models", "04. Models", "{5006BDFA-7AAE-48E3-A265-01728A307247}"
EndProject
Project("{9A19103F-16F7-4668-BE54-9A1E7A4F7556}") = "Catalog.Domain", "src\Services\Catalog\Catalog.Domain\Catalog.Domain.csproj", "{2FCC1C23-D6C3-463A-B5AA-C91C9C771BC1}"
EndProject
Project("{9A19103F-16F7-4668-BE54-9A1E7A4F7556}") = "Catalog.PersistenceDB", "src\Services\Catalog\Catalog.PersistenceDB\Catalog.PersistenceDB.csproj", "{4A83C253-AD98-406A-B067-2BEDCD10952B}"
EndProject
Project("{9A19103F-16F7-4668-BE54-9A1E7A4F7556}") = "Catalog.Service.Queries", "src\Services\Catalog\Catalog.Service.Queries\Catalog.Service.Queries.csproj", "{C852722E-9125-426D-850C-21B9BF29E797}"
EndProject
Project("{2150E333-8FDC-42A3-9474-1A3956D46DE8}") = "Common", "Common", "{313BB1AA-0139-440C-9760-4BBD93FB9218}"
EndProject
Project("{9A19103F-16F7-4668-BE54-9A1E7A4F7556}") = "Service.Common.Collection", "src\Services\Catalog\Service.Common.Collection\Service.Common.Collection.csproj", "{14C47491-1804-4484-9A91-D7E338C65DA1}"
EndProject
Project("{9A19103F-16F7-4668-BE54-9A1E7A4F7556}") = "Service.Common.Mapping", "src\Services\Catalog\Service.Common.Mapping\Service.Common.Mapping.csproj", "{E4B2E3E3-7223-4E21-8A36-78D80BD357AA}"
EndProject
Project("{9A19103F-16F7-4668-BE54-9A1E7A4F7556}") = "Service.Common.Pagging", "src\Services\Catalog\Catalog.Service.Pagging\Service.Common.Pagging.csproj", "{662EC0F0-448D-46C8-B70D-0C6617EF4472}"
EndProject
Project("{9A19103F-16F7-4668-BE54-9A1E7A4F7556}") = "Catalog.Services.EventHandlers", "src\Services\Catalog\Catalog.Services.EventHandlers\Catalog.Services.EventHandlers.csproj", "{9B7AD15D-FC4D-4A15-A4C9-FD1F38025A64}"
EndProject
Project("{9A19103F-16F7-4668-BE54-9A1E7A4F7556}") = "Catalos.Service.Commons", "src\Services\Catalog\Catalos.Service.Commons\Catalos.Service.Commons.csproj", "{4F4B54CE-A328-4AEF-A208-D07505FFF232}"
EndProject
Project("{2150E333-8FDC-42A3-9474-1A3956D46DE8}") = "test", "test", "{85DCCCF3-4543-4E99-8B95-DA78F88E9AA5}"
EndProject
Project("{9A19103F-16F7-4668-BE54-9A1E7A4F7556}") = "Catalog.Test", "src\Services\Catalog\Catalog.Test\Catalog.Test.csproj", "{A42BBE05-723F-4836-A7E5-A305473F2B85}"
EndProject
Project("{2150E333-8FDC-42A3-9474-1A3956D46DE8}") = "01. API", "01. API", "{FDB39361-3F3D-4574-88FA-1E329B403845}"
EndProject
Project("{2150E333-8FDC-42A3-9474-1A3956D46DE8}") = "02. Services", "02. Services", "{653296B6-10FC-4095-995F-1683B48E5D98}"
EndProject
Project("{2150E333-8FDC-42A3-9474-1A3956D46DE8}") = "03. Persistence", "03. Persistence", "{09716AFA-6A1F-4F22-B44F-0C43C9E5940B}"
EndProject
Project("{2150E333-8FDC-42A3-9474-1A3956D46DE8}") = "04. Models", "04. Models", "{7E75355C-0738-4F5E-B257-9B4D05397ED3}"
EndProject
Project("{9A19103F-16F7-4668-BE54-9A1E7A4F7556}") = "Identity.Domain", "src\Services\Identity\Identity.Domain\Identity.Domain.csproj", "{A8B3F775-C421-48CF-875D-823AC99BEB77}"
EndProject
Project("{9A19103F-16F7-4668-BE54-9A1E7A4F7556}") = "Identity.Persistence.Database", "src\Services\Identity\Identity.Persistence.Database\Identity.Persistence.Database.csproj", "{90737671-205C-4F35-B379-C7C551C093CC}"
EndProject
Project("{9A19103F-16F7-4668-BE54-9A1E7A4F7556}") = "Identity.API", "src\Services\Identity\Identity.API\Identity.API.csproj", "{CF246967-C929-470C-A964-AFD5548EFB7B}"
EndProject
Project("{9A19103F-16F7-4668-BE54-9A1E7A4F7556}") = "Identity.Service.EventHandler", "Identity.Service.EventHandler\Identity.Service.EventHandler.csproj", "{5DF0FABA-B0B6-4494-8B26-E4FC1153D1C7}"
EndProject
Project("{2150E333-8FDC-42A3-9474-1A3956D46DE8}") = "01. API", "01. API", "{D21E722B-F38F-488C-97A3-723B6F353347}"
EndProject
Project("{2150E333-8FDC-42A3-9474-1A3956D46DE8}") = "02.Services", "02.Services", "{8A3C8FF5-0593-46A8-9CCA-617574C31EC7}"
EndProject
Project("{2150E333-8FDC-42A3-9474-1A3956D46DE8}") = "03. Persistence", "03. Persistence", "{5EFE4889-C458-4B6F-A433-BB3A020C72D0}"
EndProject
Project("{2150E333-8FDC-42A3-9474-1A3956D46DE8}") = "04. Models", "04. Models", "{7F7558A2-F7F6-4677-8BF7-D1AC4D9D5D6A}"
EndProject
Project("{9A19103F-16F7-4668-BE54-9A1E7A4F7556}") = "Customer.Domain", "src\Services\Customer\Customer.Domain\Customer.Domain.csproj", "{CFF1F849-6265-4515-813D-CF3778FB2ED9}"
EndProject
Project("{9A19103F-16F7-4668-BE54-9A1E7A4F7556}") = "Customer.Persistence.Database", "src\Services\Customer\Customer.Persistence.Database\Customer.Persistence.Database.csproj", "{C4AC84E2-2338-474C-8E48-716A93FFA0B4}"
EndProject
Project("{9A19103F-16F7-4668-BE54-9A1E7A4F7556}") = "Customer.Service.Queries", "src\Services\Customer\Customer.Service.Queries\Customer.Service.Queries.csproj", "{1E88EE53-A9A1-44C5-BB2F-53DEDBFEEF80}"
EndProject
Project("{9A19103F-16F7-4668-BE54-9A1E7A4F7556}") = "Customer.Service.EventHandlers", "Customer.Service.EventHandlers\Customer.Service.EventHandlers.csproj", "{B008C96A-F2AB-4488-A592-261288C24FA0}"
EndProject
Project("{9A19103F-16F7-4668-BE54-9A1E7A4F7556}") = "Customer.API", "src\Services\Customer\Customer.API\Customer.API.csproj", "{4B39CC5B-0108-4032-AF35-606CC8D02254}"
EndProject
Project("{2150E333-8FDC-42A3-9474-1A3956D46DE8}") = "01. API", "01. API", "{88D01A23-3182-4902-8EF1-C379FE737977}"
EndProject
Project("{2150E333-8FDC-42A3-9474-1A3956D46DE8}") = "02. Services", "02. Services", "{EDE60673-52F0-4342-84BE-91C5B1E1CCAC}"
EndProject
Project("{2150E333-8FDC-42A3-9474-1A3956D46DE8}") = "03. Persistence", "03. Persistence", "{8DFBBDA9-CD2B-42CB-80E0-866B6806FDC1}"
EndProject
Project("{2150E333-8FDC-42A3-9474-1A3956D46DE8}") = "04. Models", "04. Models", "{FEDC5A07-5433-4A0A-A652-955878A3439E}"
EndProject
Project("{FAE04EC0-301F-11D3-BF4B-00C04F79EFBC}") = "Order.Domain", "src\Services\Order\Order.Domain\Order.Domain.csproj", "{E6E6FA68-027B-4C7B-9936-8F326C417557}"
EndProject
Project("{2150E333-8FDC-42A3-9474-1A3956D46DE8}") = "Commons", "Commons", "{256A34E6-8B60-4F80-89AF-2BFDBAC418D1}"
EndProject
Project("{FAE04EC0-301F-11D3-BF4B-00C04F79EFBC}") = "Order.Common", "src\Services\Order\Order.Common\Order.Common.csproj", "{0510D65F-D634-4960-B51F-FD23D0339B2C}"
EndProject
Project("{FAE04EC0-301F-11D3-BF4B-00C04F79EFBC}") = "Order.Persistence.Database", "src\Services\Order\Order.Persistence.Database\Order.Persistence.Database.csproj", "{72031C60-DF94-42D5-B6A4-3DFD7809C1D1}"
EndProject
Project("{FAE04EC0-301F-11D3-BF4B-00C04F79EFBC}") = "Order.Service.Queries", "src\Services\Order\Order.Service.Queries\Order.Service.Queries.csproj", "{A972A8F9-A49D-4122-9768-ED5B2885FCC7}"
EndProject
Project("{FAE04EC0-301F-11D3-BF4B-00C04F79EFBC}") = "Order.Service.EventHandlers", "src\Services\Order\Order.Service.EventHandlers\Order.Service.EventHandlers.csproj", "{E49F0BB1-28D5-48E1-A64E-55DBA9B76036}"
EndProject
Project("{FAE04EC0-301F-11D3-BF4B-00C04F79EFBC}") = "Order.Service.Proxies", "Order.Service.Proxies\Order.Service.Proxies.csproj", "{CE522FC1-7000-4932-82D3-EACD7F9B66AE}"
EndProject
Global
	GlobalSection(SolutionConfigurationPlatforms) = preSolution
		Debug|Any CPU = Debug|Any CPU
		Release|Any CPU = Release|Any CPU
	EndGlobalSection
	GlobalSection(ProjectConfigurationPlatforms) = postSolution
		{E9BF9FE2-3ECA-451C-A94D-06C73C28901C}.Debug|Any CPU.ActiveCfg = Debug|Any CPU
		{E9BF9FE2-3ECA-451C-A94D-06C73C28901C}.Debug|Any CPU.Build.0 = Debug|Any CPU
		{E9BF9FE2-3ECA-451C-A94D-06C73C28901C}.Release|Any CPU.ActiveCfg = Release|Any CPU
		{E9BF9FE2-3ECA-451C-A94D-06C73C28901C}.Release|Any CPU.Build.0 = Release|Any CPU
		{2FCC1C23-D6C3-463A-B5AA-C91C9C771BC1}.Debug|Any CPU.ActiveCfg = Debug|Any CPU
		{2FCC1C23-D6C3-463A-B5AA-C91C9C771BC1}.Debug|Any CPU.Build.0 = Debug|Any CPU
		{2FCC1C23-D6C3-463A-B5AA-C91C9C771BC1}.Release|Any CPU.ActiveCfg = Release|Any CPU
		{2FCC1C23-D6C3-463A-B5AA-C91C9C771BC1}.Release|Any CPU.Build.0 = Release|Any CPU
		{4A83C253-AD98-406A-B067-2BEDCD10952B}.Debug|Any CPU.ActiveCfg = Debug|Any CPU
		{4A83C253-AD98-406A-B067-2BEDCD10952B}.Debug|Any CPU.Build.0 = Debug|Any CPU
		{4A83C253-AD98-406A-B067-2BEDCD10952B}.Release|Any CPU.ActiveCfg = Release|Any CPU
		{4A83C253-AD98-406A-B067-2BEDCD10952B}.Release|Any CPU.Build.0 = Release|Any CPU
		{C852722E-9125-426D-850C-21B9BF29E797}.Debug|Any CPU.ActiveCfg = Debug|Any CPU
		{C852722E-9125-426D-850C-21B9BF29E797}.Debug|Any CPU.Build.0 = Debug|Any CPU
		{C852722E-9125-426D-850C-21B9BF29E797}.Release|Any CPU.ActiveCfg = Release|Any CPU
		{C852722E-9125-426D-850C-21B9BF29E797}.Release|Any CPU.Build.0 = Release|Any CPU
		{14C47491-1804-4484-9A91-D7E338C65DA1}.Debug|Any CPU.ActiveCfg = Debug|Any CPU
		{14C47491-1804-4484-9A91-D7E338C65DA1}.Debug|Any CPU.Build.0 = Debug|Any CPU
		{14C47491-1804-4484-9A91-D7E338C65DA1}.Release|Any CPU.ActiveCfg = Release|Any CPU
		{14C47491-1804-4484-9A91-D7E338C65DA1}.Release|Any CPU.Build.0 = Release|Any CPU
		{E4B2E3E3-7223-4E21-8A36-78D80BD357AA}.Debug|Any CPU.ActiveCfg = Debug|Any CPU
		{E4B2E3E3-7223-4E21-8A36-78D80BD357AA}.Debug|Any CPU.Build.0 = Debug|Any CPU
		{E4B2E3E3-7223-4E21-8A36-78D80BD357AA}.Release|Any CPU.ActiveCfg = Release|Any CPU
		{E4B2E3E3-7223-4E21-8A36-78D80BD357AA}.Release|Any CPU.Build.0 = Release|Any CPU
		{662EC0F0-448D-46C8-B70D-0C6617EF4472}.Debug|Any CPU.ActiveCfg = Debug|Any CPU
		{662EC0F0-448D-46C8-B70D-0C6617EF4472}.Debug|Any CPU.Build.0 = Debug|Any CPU
		{662EC0F0-448D-46C8-B70D-0C6617EF4472}.Release|Any CPU.ActiveCfg = Release|Any CPU
		{662EC0F0-448D-46C8-B70D-0C6617EF4472}.Release|Any CPU.Build.0 = Release|Any CPU
		{9B7AD15D-FC4D-4A15-A4C9-FD1F38025A64}.Debug|Any CPU.ActiveCfg = Debug|Any CPU
		{9B7AD15D-FC4D-4A15-A4C9-FD1F38025A64}.Debug|Any CPU.Build.0 = Debug|Any CPU
		{9B7AD15D-FC4D-4A15-A4C9-FD1F38025A64}.Release|Any CPU.ActiveCfg = Release|Any CPU
		{9B7AD15D-FC4D-4A15-A4C9-FD1F38025A64}.Release|Any CPU.Build.0 = Release|Any CPU
		{4F4B54CE-A328-4AEF-A208-D07505FFF232}.Debug|Any CPU.ActiveCfg = Debug|Any CPU
		{4F4B54CE-A328-4AEF-A208-D07505FFF232}.Debug|Any CPU.Build.0 = Debug|Any CPU
		{4F4B54CE-A328-4AEF-A208-D07505FFF232}.Release|Any CPU.ActiveCfg = Release|Any CPU
		{4F4B54CE-A328-4AEF-A208-D07505FFF232}.Release|Any CPU.Build.0 = Release|Any CPU
		{A42BBE05-723F-4836-A7E5-A305473F2B85}.Debug|Any CPU.ActiveCfg = Debug|Any CPU
		{A42BBE05-723F-4836-A7E5-A305473F2B85}.Debug|Any CPU.Build.0 = Debug|Any CPU
		{A42BBE05-723F-4836-A7E5-A305473F2B85}.Release|Any CPU.ActiveCfg = Release|Any CPU
		{A42BBE05-723F-4836-A7E5-A305473F2B85}.Release|Any CPU.Build.0 = Release|Any CPU
		{A8B3F775-C421-48CF-875D-823AC99BEB77}.Debug|Any CPU.ActiveCfg = Debug|Any CPU
		{A8B3F775-C421-48CF-875D-823AC99BEB77}.Debug|Any CPU.Build.0 = Debug|Any CPU
		{A8B3F775-C421-48CF-875D-823AC99BEB77}.Release|Any CPU.ActiveCfg = Release|Any CPU
		{A8B3F775-C421-48CF-875D-823AC99BEB77}.Release|Any CPU.Build.0 = Release|Any CPU
		{90737671-205C-4F35-B379-C7C551C093CC}.Debug|Any CPU.ActiveCfg = Debug|Any CPU
		{90737671-205C-4F35-B379-C7C551C093CC}.Debug|Any CPU.Build.0 = Debug|Any CPU
		{90737671-205C-4F35-B379-C7C551C093CC}.Release|Any CPU.ActiveCfg = Release|Any CPU
		{90737671-205C-4F35-B379-C7C551C093CC}.Release|Any CPU.Build.0 = Release|Any CPU
		{CF246967-C929-470C-A964-AFD5548EFB7B}.Debug|Any CPU.ActiveCfg = Debug|Any CPU
		{CF246967-C929-470C-A964-AFD5548EFB7B}.Debug|Any CPU.Build.0 = Debug|Any CPU
		{CF246967-C929-470C-A964-AFD5548EFB7B}.Release|Any CPU.ActiveCfg = Release|Any CPU
		{CF246967-C929-470C-A964-AFD5548EFB7B}.Release|Any CPU.Build.0 = Release|Any CPU
		{5DF0FABA-B0B6-4494-8B26-E4FC1153D1C7}.Debug|Any CPU.ActiveCfg = Debug|Any CPU
		{5DF0FABA-B0B6-4494-8B26-E4FC1153D1C7}.Debug|Any CPU.Build.0 = Debug|Any CPU
		{5DF0FABA-B0B6-4494-8B26-E4FC1153D1C7}.Release|Any CPU.ActiveCfg = Release|Any CPU
		{5DF0FABA-B0B6-4494-8B26-E4FC1153D1C7}.Release|Any CPU.Build.0 = Release|Any CPU
		{CFF1F849-6265-4515-813D-CF3778FB2ED9}.Debug|Any CPU.ActiveCfg = Debug|Any CPU
		{CFF1F849-6265-4515-813D-CF3778FB2ED9}.Debug|Any CPU.Build.0 = Debug|Any CPU
		{CFF1F849-6265-4515-813D-CF3778FB2ED9}.Release|Any CPU.ActiveCfg = Release|Any CPU
		{CFF1F849-6265-4515-813D-CF3778FB2ED9}.Release|Any CPU.Build.0 = Release|Any CPU
		{C4AC84E2-2338-474C-8E48-716A93FFA0B4}.Debug|Any CPU.ActiveCfg = Debug|Any CPU
		{C4AC84E2-2338-474C-8E48-716A93FFA0B4}.Debug|Any CPU.Build.0 = Debug|Any CPU
		{C4AC84E2-2338-474C-8E48-716A93FFA0B4}.Release|Any CPU.ActiveCfg = Release|Any CPU
		{C4AC84E2-2338-474C-8E48-716A93FFA0B4}.Release|Any CPU.Build.0 = Release|Any CPU
		{1E88EE53-A9A1-44C5-BB2F-53DEDBFEEF80}.Debug|Any CPU.ActiveCfg = Debug|Any CPU
		{1E88EE53-A9A1-44C5-BB2F-53DEDBFEEF80}.Debug|Any CPU.Build.0 = Debug|Any CPU
		{1E88EE53-A9A1-44C5-BB2F-53DEDBFEEF80}.Release|Any CPU.ActiveCfg = Release|Any CPU
		{1E88EE53-A9A1-44C5-BB2F-53DEDBFEEF80}.Release|Any CPU.Build.0 = Release|Any CPU
		{B008C96A-F2AB-4488-A592-261288C24FA0}.Debug|Any CPU.ActiveCfg = Debug|Any CPU
		{B008C96A-F2AB-4488-A592-261288C24FA0}.Debug|Any CPU.Build.0 = Debug|Any CPU
		{B008C96A-F2AB-4488-A592-261288C24FA0}.Release|Any CPU.ActiveCfg = Release|Any CPU
		{B008C96A-F2AB-4488-A592-261288C24FA0}.Release|Any CPU.Build.0 = Release|Any CPU
		{4B39CC5B-0108-4032-AF35-606CC8D02254}.Debug|Any CPU.ActiveCfg = Debug|Any CPU
		{4B39CC5B-0108-4032-AF35-606CC8D02254}.Debug|Any CPU.Build.0 = Debug|Any CPU
		{4B39CC5B-0108-4032-AF35-606CC8D02254}.Release|Any CPU.ActiveCfg = Release|Any CPU
		{4B39CC5B-0108-4032-AF35-606CC8D02254}.Release|Any CPU.Build.0 = Release|Any CPU
		{E6E6FA68-027B-4C7B-9936-8F326C417557}.Debug|Any CPU.ActiveCfg = Debug|Any CPU
		{E6E6FA68-027B-4C7B-9936-8F326C417557}.Debug|Any CPU.Build.0 = Debug|Any CPU
		{E6E6FA68-027B-4C7B-9936-8F326C417557}.Release|Any CPU.ActiveCfg = Release|Any CPU
		{E6E6FA68-027B-4C7B-9936-8F326C417557}.Release|Any CPU.Build.0 = Release|Any CPU
		{0510D65F-D634-4960-B51F-FD23D0339B2C}.Debug|Any CPU.ActiveCfg = Debug|Any CPU
		{0510D65F-D634-4960-B51F-FD23D0339B2C}.Debug|Any CPU.Build.0 = Debug|Any CPU
		{0510D65F-D634-4960-B51F-FD23D0339B2C}.Release|Any CPU.ActiveCfg = Release|Any CPU
		{0510D65F-D634-4960-B51F-FD23D0339B2C}.Release|Any CPU.Build.0 = Release|Any CPU
		{72031C60-DF94-42D5-B6A4-3DFD7809C1D1}.Debug|Any CPU.ActiveCfg = Debug|Any CPU
		{72031C60-DF94-42D5-B6A4-3DFD7809C1D1}.Debug|Any CPU.Build.0 = Debug|Any CPU
		{72031C60-DF94-42D5-B6A4-3DFD7809C1D1}.Release|Any CPU.ActiveCfg = Release|Any CPU
		{72031C60-DF94-42D5-B6A4-3DFD7809C1D1}.Release|Any CPU.Build.0 = Release|Any CPU
		{A972A8F9-A49D-4122-9768-ED5B2885FCC7}.Debug|Any CPU.ActiveCfg = Debug|Any CPU
		{A972A8F9-A49D-4122-9768-ED5B2885FCC7}.Debug|Any CPU.Build.0 = Debug|Any CPU
		{A972A8F9-A49D-4122-9768-ED5B2885FCC7}.Release|Any CPU.ActiveCfg = Release|Any CPU
		{A972A8F9-A49D-4122-9768-ED5B2885FCC7}.Release|Any CPU.Build.0 = Release|Any CPU
		{E49F0BB1-28D5-48E1-A64E-55DBA9B76036}.Debug|Any CPU.ActiveCfg = Debug|Any CPU
		{E49F0BB1-28D5-48E1-A64E-55DBA9B76036}.Debug|Any CPU.Build.0 = Debug|Any CPU
		{E49F0BB1-28D5-48E1-A64E-55DBA9B76036}.Release|Any CPU.ActiveCfg = Release|Any CPU
		{E49F0BB1-28D5-48E1-A64E-55DBA9B76036}.Release|Any CPU.Build.0 = Release|Any CPU
		{CE522FC1-7000-4932-82D3-EACD7F9B66AE}.Debug|Any CPU.ActiveCfg = Debug|Any CPU
		{CE522FC1-7000-4932-82D3-EACD7F9B66AE}.Debug|Any CPU.Build.0 = Debug|Any CPU
		{CE522FC1-7000-4932-82D3-EACD7F9B66AE}.Release|Any CPU.ActiveCfg = Release|Any CPU
		{CE522FC1-7000-4932-82D3-EACD7F9B66AE}.Release|Any CPU.Build.0 = Release|Any CPU
	EndGlobalSection
	GlobalSection(SolutionProperties) = preSolution
		HideSolutionNode = FALSE
	EndGlobalSection
	GlobalSection(NestedProjects) = preSolution
		{620E8912-A463-49C2-BBFD-2E8465779AA2} = {417433FA-934D-4798-93D0-838A2D41D7B7}
		{1192FD84-4553-4DC8-98D7-F38F6A48988A} = {417433FA-934D-4798-93D0-838A2D41D7B7}
		{9D0487D3-49C4-42BD-B194-078635D21016} = {417433FA-934D-4798-93D0-838A2D41D7B7}
		{ECB9E75B-7BCC-4C22-923D-A15B1C83577D} = {417433FA-934D-4798-93D0-838A2D41D7B7}
		{E9BF9FE2-3ECA-451C-A94D-06C73C28901C} = {C8F90A0D-EED7-492A-9C8E-3FC7F67EB557}
		{C8F90A0D-EED7-492A-9C8E-3FC7F67EB557} = {1192FD84-4553-4DC8-98D7-F38F6A48988A}
		{F7D6FE9C-B424-4155-ACDD-A190D149BEE0} = {1192FD84-4553-4DC8-98D7-F38F6A48988A}
		{EC821CD2-A655-4514-83B6-E883F3239C10} = {1192FD84-4553-4DC8-98D7-F38F6A48988A}
		{5006BDFA-7AAE-48E3-A265-01728A307247} = {1192FD84-4553-4DC8-98D7-F38F6A48988A}
		{2FCC1C23-D6C3-463A-B5AA-C91C9C771BC1} = {5006BDFA-7AAE-48E3-A265-01728A307247}
		{4A83C253-AD98-406A-B067-2BEDCD10952B} = {EC821CD2-A655-4514-83B6-E883F3239C10}
		{C852722E-9125-426D-850C-21B9BF29E797} = {F7D6FE9C-B424-4155-ACDD-A190D149BEE0}
		{313BB1AA-0139-440C-9760-4BBD93FB9218} = {1192FD84-4553-4DC8-98D7-F38F6A48988A}
		{14C47491-1804-4484-9A91-D7E338C65DA1} = {313BB1AA-0139-440C-9760-4BBD93FB9218}
		{E4B2E3E3-7223-4E21-8A36-78D80BD357AA} = {313BB1AA-0139-440C-9760-4BBD93FB9218}
		{662EC0F0-448D-46C8-B70D-0C6617EF4472} = {313BB1AA-0139-440C-9760-4BBD93FB9218}
		{9B7AD15D-FC4D-4A15-A4C9-FD1F38025A64} = {F7D6FE9C-B424-4155-ACDD-A190D149BEE0}
		{4F4B54CE-A328-4AEF-A208-D07505FFF232} = {313BB1AA-0139-440C-9760-4BBD93FB9218}
		{85DCCCF3-4543-4E99-8B95-DA78F88E9AA5} = {1192FD84-4553-4DC8-98D7-F38F6A48988A}
		{A42BBE05-723F-4836-A7E5-A305473F2B85} = {85DCCCF3-4543-4E99-8B95-DA78F88E9AA5}
		{FDB39361-3F3D-4574-88FA-1E329B403845} = {620E8912-A463-49C2-BBFD-2E8465779AA2}
		{653296B6-10FC-4095-995F-1683B48E5D98} = {620E8912-A463-49C2-BBFD-2E8465779AA2}
		{09716AFA-6A1F-4F22-B44F-0C43C9E5940B} = {620E8912-A463-49C2-BBFD-2E8465779AA2}
		{7E75355C-0738-4F5E-B257-9B4D05397ED3} = {620E8912-A463-49C2-BBFD-2E8465779AA2}
		{A8B3F775-C421-48CF-875D-823AC99BEB77} = {7E75355C-0738-4F5E-B257-9B4D05397ED3}
		{90737671-205C-4F35-B379-C7C551C093CC} = {09716AFA-6A1F-4F22-B44F-0C43C9E5940B}
		{CF246967-C929-470C-A964-AFD5548EFB7B} = {FDB39361-3F3D-4574-88FA-1E329B403845}
		{5DF0FABA-B0B6-4494-8B26-E4FC1153D1C7} = {653296B6-10FC-4095-995F-1683B48E5D98}
		{D21E722B-F38F-488C-97A3-723B6F353347} = {9D0487D3-49C4-42BD-B194-078635D21016}
		{8A3C8FF5-0593-46A8-9CCA-617574C31EC7} = {9D0487D3-49C4-42BD-B194-078635D21016}
		{5EFE4889-C458-4B6F-A433-BB3A020C72D0} = {9D0487D3-49C4-42BD-B194-078635D21016}
		{7F7558A2-F7F6-4677-8BF7-D1AC4D9D5D6A} = {9D0487D3-49C4-42BD-B194-078635D21016}
		{CFF1F849-6265-4515-813D-CF3778FB2ED9} = {7F7558A2-F7F6-4677-8BF7-D1AC4D9D5D6A}
		{C4AC84E2-2338-474C-8E48-716A93FFA0B4} = {5EFE4889-C458-4B6F-A433-BB3A020C72D0}
		{1E88EE53-A9A1-44C5-BB2F-53DEDBFEEF80} = {8A3C8FF5-0593-46A8-9CCA-617574C31EC7}
		{B008C96A-F2AB-4488-A592-261288C24FA0} = {8A3C8FF5-0593-46A8-9CCA-617574C31EC7}
		{4B39CC5B-0108-4032-AF35-606CC8D02254} = {D21E722B-F38F-488C-97A3-723B6F353347}
		{88D01A23-3182-4902-8EF1-C379FE737977} = {ECB9E75B-7BCC-4C22-923D-A15B1C83577D}
		{EDE60673-52F0-4342-84BE-91C5B1E1CCAC} = {ECB9E75B-7BCC-4C22-923D-A15B1C83577D}
		{8DFBBDA9-CD2B-42CB-80E0-866B6806FDC1} = {ECB9E75B-7BCC-4C22-923D-A15B1C83577D}
		{FEDC5A07-5433-4A0A-A652-955878A3439E} = {ECB9E75B-7BCC-4C22-923D-A15B1C83577D}
		{E6E6FA68-027B-4C7B-9936-8F326C417557} = {FEDC5A07-5433-4A0A-A652-955878A3439E}
		{256A34E6-8B60-4F80-89AF-2BFDBAC418D1} = {ECB9E75B-7BCC-4C22-923D-A15B1C83577D}
		{0510D65F-D634-4960-B51F-FD23D0339B2C} = {256A34E6-8B60-4F80-89AF-2BFDBAC418D1}
		{72031C60-DF94-42D5-B6A4-3DFD7809C1D1} = {8DFBBDA9-CD2B-42CB-80E0-866B6806FDC1}
		{A972A8F9-A49D-4122-9768-ED5B2885FCC7} = {EDE60673-52F0-4342-84BE-91C5B1E1CCAC}
		{E49F0BB1-28D5-48E1-A64E-55DBA9B76036} = {EDE60673-52F0-4342-84BE-91C5B1E1CCAC}
		{CE522FC1-7000-4932-82D3-EACD7F9B66AE} = {EDE60673-52F0-4342-84BE-91C5B1E1CCAC}
	EndGlobalSection
	GlobalSection(ExtensibilityGlobals) = postSolution
		SolutionGuid = {4431ED43-C9B3-40BC-BDEB-43617137A4E2}
	EndGlobalSection
EndGlobal
