
Microsoft Visual Studio Solution File, Format Version 12.00
# Visual Studio Version 17
VisualStudioVersion = 17.1.32210.238
MinimumVisualStudioVersion = 10.0.40219.1
Project("{2150E333-8FDC-42A3-9474-1A3956D46DE8}") = "01. Clients", "01. Clients", "{306F420D-0F98-4CE3-9808-D8DB7A1642F7}"
EndProject
Project("{2150E333-8FDC-42A3-9474-1A3956D46DE8}") = "02. Gateways", "02. Gateways", "{03C9B5BF-1701-4296-9062-C2E677A08256}"
EndProject
Project("{2150E333-8FDC-42A3-9474-1A3956D46DE8}") = "03. Services", "03. Services", "{417433FA-934D-4798-93D0-838A2D41D7B7}"
EndProject
Project("{2150E333-8FDC-42A3-9474-1A3956D46DE8}") = "01. Identity", "01. Identity", "{620E8912-A463-49C2-BBFD-2E8465779AA2}"
EndProject
Project("{2150E333-8FDC-42A3-9474-1A3956D46DE8}") = "02. Catalog", "02. Catalog", "{1192FD84-4553-4DC8-98D7-F38F6A48988A}"
EndProject
Project("{2150E333-8FDC-42A3-9474-1A3956D46DE8}") = "03. Customer", "03. Customer", "{9D0487D3-49C4-42BD-B194-078635D21016}"
EndProject
Project("{2150E333-8FDC-42A3-9474-1A3956D46DE8}") = "04. Order", "04. Order", "{ECB9E75B-7BCC-4C22-923D-A15B1C83577D}"
EndProject
Project("{FAE04EC0-301F-11D3-BF4B-00C04F79EFBC}") = "Catalog.API", "src\Services\Catalog\Catalog.API\Catalog.API.csproj", "{E9BF9FE2-3ECA-451C-A94D-06C73C28901C}"
EndProject
Project("{2150E333-8FDC-42A3-9474-1A3956D46DE8}") = "01. API", "01. API", "{C8F90A0D-EED7-492A-9C8E-3FC7F67EB557}"
EndProject
Project("{2150E333-8FDC-42A3-9474-1A3956D46DE8}") = "02. Services", "02. Services", "{F7D6FE9C-B424-4155-ACDD-A190D149BEE0}"
EndProject
Project("{2150E333-8FDC-42A3-9474-1A3956D46DE8}") = "03. Persistence", "03. Persistence", "{EC821CD2-A655-4514-83B6-E883F3239C10}"
EndProject
Project("{2150E333-8FDC-42A3-9474-1A3956D46DE8}") = "04. Models", "04. Models", "{5006BDFA-7AAE-48E3-A265-01728A307247}"
EndProject
Project("{FAE04EC0-301F-11D3-BF4B-00C04F79EFBC}") = "Catalog.Domain", "src\Services\Catalog\Catalog.Domain\Catalog.Domain.csproj", "{2FCC1C23-D6C3-463A-B5AA-C91C9C771BC1}"
EndProject
Project("{FAE04EC0-301F-11D3-BF4B-00C04F79EFBC}") = "Catalog.PersistenceDB", "src\Services\Catalog\Catalog.PersistenceDB\Catalog.PersistenceDB.csproj", "{4A83C253-AD98-406A-B067-2BEDCD10952B}"
EndProject
Global
	GlobalSection(SolutionConfigurationPlatforms) = preSolution
		Debug|Any CPU = Debug|Any CPU
		Release|Any CPU = Release|Any CPU
	EndGlobalSection
	GlobalSection(ProjectConfigurationPlatforms) = postSolution
		{E9BF9FE2-3ECA-451C-A94D-06C73C28901C}.Debug|Any CPU.ActiveCfg = Debug|Any CPU
		{E9BF9FE2-3ECA-451C-A94D-06C73C28901C}.Debug|Any CPU.Build.0 = Debug|Any CPU
		{E9BF9FE2-3ECA-451C-A94D-06C73C28901C}.Release|Any CPU.ActiveCfg = Release|Any CPU
		{E9BF9FE2-3ECA-451C-A94D-06C73C28901C}.Release|Any CPU.Build.0 = Release|Any CPU
		{2FCC1C23-D6C3-463A-B5AA-C91C9C771BC1}.Debug|Any CPU.ActiveCfg = Debug|Any CPU
		{2FCC1C23-D6C3-463A-B5AA-C91C9C771BC1}.Debug|Any CPU.Build.0 = Debug|Any CPU
		{2FCC1C23-D6C3-463A-B5AA-C91C9C771BC1}.Release|Any CPU.ActiveCfg = Release|Any CPU
		{2FCC1C23-D6C3-463A-B5AA-C91C9C771BC1}.Release|Any CPU.Build.0 = Release|Any CPU
		{4A83C253-AD98-406A-B067-2BEDCD10952B}.Debug|Any CPU.ActiveCfg = Debug|Any CPU
		{4A83C253-AD98-406A-B067-2BEDCD10952B}.Debug|Any CPU.Build.0 = Debug|Any CPU
		{4A83C253-AD98-406A-B067-2BEDCD10952B}.Release|Any CPU.ActiveCfg = Release|Any CPU
		{4A83C253-AD98-406A-B067-2BEDCD10952B}.Release|Any CPU.Build.0 = Release|Any CPU
	EndGlobalSection
	GlobalSection(SolutionProperties) = preSolution
		HideSolutionNode = FALSE
	EndGlobalSection
	GlobalSection(NestedProjects) = preSolution
		{620E8912-A463-49C2-BBFD-2E8465779AA2} = {417433FA-934D-4798-93D0-838A2D41D7B7}
		{1192FD84-4553-4DC8-98D7-F38F6A48988A} = {417433FA-934D-4798-93D0-838A2D41D7B7}
		{9D0487D3-49C4-42BD-B194-078635D21016} = {417433FA-934D-4798-93D0-838A2D41D7B7}
		{ECB9E75B-7BCC-4C22-923D-A15B1C83577D} = {417433FA-934D-4798-93D0-838A2D41D7B7}
		{E9BF9FE2-3ECA-451C-A94D-06C73C28901C} = {C8F90A0D-EED7-492A-9C8E-3FC7F67EB557}
		{C8F90A0D-EED7-492A-9C8E-3FC7F67EB557} = {1192FD84-4553-4DC8-98D7-F38F6A48988A}
		{F7D6FE9C-B424-4155-ACDD-A190D149BEE0} = {1192FD84-4553-4DC8-98D7-F38F6A48988A}
		{EC821CD2-A655-4514-83B6-E883F3239C10} = {1192FD84-4553-4DC8-98D7-F38F6A48988A}
		{5006BDFA-7AAE-48E3-A265-01728A307247} = {1192FD84-4553-4DC8-98D7-F38F6A48988A}
		{2FCC1C23-D6C3-463A-B5AA-C91C9C771BC1} = {5006BDFA-7AAE-48E3-A265-01728A307247}
		{4A83C253-AD98-406A-B067-2BEDCD10952B} = {EC821CD2-A655-4514-83B6-E883F3239C10}
	EndGlobalSection
	GlobalSection(ExtensibilityGlobals) = postSolution
		SolutionGuid = {4431ED43-C9B3-40BC-BDEB-43617137A4E2}
	EndGlobalSection
EndGlobal
